
Microsoft Visual Studio Solution File, Format Version 12.00
# Visual Studio Version 17
VisualStudioVersion = 17.6.33815.320
MinimumVisualStudioVersion = 10.0.40219.1
Project("{FAE04EC0-301F-11D3-BF4B-00C04F79EFBC}") = "signalr-server", "signalr-server\signalr-server.csproj", "{9FAD4EA6-37E6-4A37-9A24-1C7DAAF0D8A0}"
EndProject
Global
	GlobalSection(SolutionConfigurationPlatforms) = preSolution
		Debug|Any CPU = Debug|Any CPU
		Release|Any CPU = Release|Any CPU
	EndGlobalSection
	GlobalSection(ProjectConfigurationPlatforms) = postSolution
		{9FAD4EA6-37E6-4A37-9A24-1C7DAAF0D8A0}.Debug|Any CPU.ActiveCfg = Debug|Any CPU
		{9FAD4EA6-37E6-4A37-9A24-1C7DAAF0D8A0}.Debug|Any CPU.Build.0 = Debug|Any CPU
		{9FAD4EA6-37E6-4A37-9A24-1C7DAAF0D8A0}.Release|Any CPU.ActiveCfg = Release|Any CPU
		{9FAD4EA6-37E6-4A37-9A24-1C7DAAF0D8A0}.Release|Any CPU.Build.0 = Release|Any CPU
	EndGlobalSection
	GlobalSection(SolutionProperties) = preSolution
		HideSolutionNode = FALSE
	EndGlobalSection
	GlobalSection(ExtensibilityGlobals) = postSolution
		SolutionGuid = {4FDEE16D-05F9-4BA2-8E6D-A57752AEC56E}
	EndGlobalSection
EndGlobal
